{
  "nodes": {
    "nixpkgs": {
      "locked": {
        "lastModified": 1727335715,
        "narHash": "sha256-1uw3y94dA4l22LkqHRIsb7qr3rV5XdxQFqctINfx8Cc=",
        "owner": "nixos",
        "repo": "nixpkgs",
        "rev": "28b5b8af91ffd2623e995e20aee56510db49001a",
        "type": "github"
      },
      "original": {
        "owner": "nixos",
        "ref": "nixpkgs-unstable",
        "repo": "nixpkgs",
        "type": "github"
      }
    },
    "porymap": {
      "inputs": {
        "nixpkgs": [
          "nixpkgs"
        ]
      },
      "locked": {
        "lastModified": 1727825405,
        "narHash": "sha256-KdmHzE3RYsuPAEEfwYcfbCU50YDA2fgQ2xzQIhqEVGU=",
        "owner": "frothymarrow",
        "repo": "porymap",
        "rev": "1f0cc5f1b89cdb0fa4c2e8af4f94229592d78be7",
        "type": "github"
      },
      "original": {
        "owner": "frothymarrow",
        "repo": "porymap",
        "type": "github"
      }
    },
    "root": {
      "inputs": {
        "nixpkgs": "nixpkgs",
        "porymap": "porymap"
      }
    }
  },
  "root": "root",
  "version": 7
}
